{
  "name": "gd-save-decoder",
  "version": "0.0.1",
  "lockfileVersion": 2,
  "requires": true,
  "packages": {
    "": {
      "name": "gd-save-decoder",
      "version": "0.0.1",
      "license": "MIT",
      "dependencies": {
        "js-base64": "^3.7.3",
        "pako": "^2.1.0"
      }
    },
    "node_modules/js-base64": {
      "version": "3.7.3",
      "resolved": "https://registry.npmjs.org/js-base64/-/js-base64-3.7.3.tgz",
      "integrity": "sha512-PAr6Xg2jvd7MCR6Ld9Jg3BmTcjYsHEBx1VlwEwULb/qowPf5VD9kEMagj23Gm7JRnSvE/Da/57nChZjnvL8v6A=="
    },
    "node_modules/pako": {
      "version": "2.1.0",
      "resolved": "https://registry.npmjs.org/pako/-/pako-2.1.0.tgz",
      "integrity": "sha512-w+eufiZ1WuJYgPXbV/PO3NCMEc3xqylkKHzp8bxp1uW4qaSNQUkwmLLEc3kKsfz8lpV1F8Ht3U1Cm+9Srog2ug=="
    }
  },
  "dependencies": {
    "js-base64": {
      "version": "3.7.3",
      "resolved": "https://registry.npmjs.org/js-base64/-/js-base64-3.7.3.tgz",
      "integrity": "sha512-PAr6Xg2jvd7MCR6Ld9Jg3BmTcjYsHEBx1VlwEwULb/qowPf5VD9kEMagj23Gm7JRnSvE/Da/57nChZjnvL8v6A=="
    },
    "pako": {
      "version": "2.1.0",
      "resolved": "https://registry.npmjs.org/pako/-/pako-2.1.0.tgz",
      "integrity": "sha512-w+eufiZ1WuJYgPXbV/PO3NCMEc3xqylkKHzp8bxp1uW4qaSNQUkwmLLEc3kKsfz8lpV1F8Ht3U1Cm+9Srog2ug=="
    }
  }
}
